
Microsoft Visual Studio Solution File, Format Version 12.00
# Visual Studio Version 17
VisualStudioVersion = 17.2.32616.157
MinimumVisualStudioVersion = 10.0.40219.1
Project("{FAE04EC0-301F-11D3-BF4B-00C04F79EFBC}") = "AngularBff", "AngularBff\AngularBff.csproj", "{6B65E4B1-D638-42E8-B57F-6465F66BE184}"
EndProject
Global
	GlobalSection(SolutionConfigurationPlatforms) = preSolution
		Debug|Any CPU = Debug|Any CPU
		Release|Any CPU = Release|Any CPU
	EndGlobalSection
	GlobalSection(ProjectConfigurationPlatforms) = postSolution
		{6B65E4B1-D638-42E8-B57F-6465F66BE184}.Debug|Any CPU.ActiveCfg = Debug|Any CPU
		{6B65E4B1-D638-42E8-B57F-6465F66BE184}.Debug|Any CPU.Build.0 = Debug|Any CPU
		{6B65E4B1-D638-42E8-B57F-6465F66BE184}.Release|Any CPU.ActiveCfg = Release|Any CPU
		{6B65E4B1-D638-42E8-B57F-6465F66BE184}.Release|Any CPU.Build.0 = Release|Any CPU
	EndGlobalSection
	GlobalSection(SolutionProperties) = preSolution
		HideSolutionNode = FALSE
	EndGlobalSection
	GlobalSection(ExtensibilityGlobals) = postSolution
		SolutionGuid = {86C6BE85-3C51-4E02-9A97-B6CD9D5A1812}
	EndGlobalSection
EndGlobal
